# Run ./gradlew --write-locks to regenerate this file

[Test dependencies]
org.apiguardian:apiguardian-api:1.1.0 (5 constraints: 0654a8a8)
org.assertj:assertj-core:3.15.0 (1 constraints: 3b05443b)
org.junit:junit-bom:5.6.0 (6 constraints: 3a628bf3)
org.junit.jupiter:junit-jupiter:5.6.0 (2 constraints: 1e0efa58)
org.junit.jupiter:junit-jupiter-api:5.6.0 (4 constraints: 7b38f02f)
org.junit.jupiter:junit-jupiter-engine:5.6.0 (2 constraints: 1917223c)
org.junit.jupiter:junit-jupiter-params:5.6.0 (2 constraints: 1917223c)
org.junit.platform:junit-platform-commons:1.6.0 (3 constraints: e2299d29)
org.junit.platform:junit-platform-engine:1.6.0 (2 constraints: b41911f3)
org.opentest4j:opentest4j:1.2.0 (2 constraints: cd205b49)
