# Run ./gradlew writeVersionsLocks to regenerate this file. Blank lines are to minimize merge conflicts.



[Test dependencies]

net.bytebuddy:byte-buddy:1.18.3 (1 constraints: 530b55df)

org.apiguardian:apiguardian-api:1.1.2 (6 constraints: 5366ce6e)

org.assertj:assertj-core:3.27.7 (1 constraints: 4505553b)

org.jspecify:jspecify:1.0.0 (6 constraints: 4166fe65)

org.junit.jupiter:junit-jupiter:6.1.2 (1 constraints: 75070d77)

org.junit.jupiter:junit-jupiter-api:6.1.2 (3 constraints: 642ff9d9)

org.junit.jupiter:junit-jupiter-engine:6.1.2 (1 constraints: 060ecf3b)

org.junit.jupiter:junit-jupiter-params:6.1.2 (1 constraints: 060ecf3b)

org.junit.platform:junit-platform-commons:6.1.3 (2 constraints: da20b24a)

org.junit.platform:junit-platform-engine:6.1.3 (2 constraints: f2224b08)

org.junit.platform:junit-platform-launcher:6.1.3 (1 constraints: 0c050f36)

org.opentest4j:opentest4j:1.3.0 (2 constraints: cf209249)
