# Run ./gradlew --write-locks to regenerate this file

[Test dependencies]
org.apiguardian:apiguardian-api:1.1.0 (5 constraints: 0654a8a8)
org.assertj:assertj-core:3.16.0 (1 constraints: 3c05473b)
org.junit:junit-bom:5.6.2 (6 constraints: 46623ff9)
org.junit.jupiter:junit-jupiter:5.6.2 (2 constraints: 220e3659)
org.junit.jupiter:junit-jupiter-api:5.6.2 (4 constraints: 83381e32)
org.junit.jupiter:junit-jupiter-engine:5.6.2 (2 constraints: 1d17763c)
org.junit.jupiter:junit-jupiter-params:5.6.2 (2 constraints: 1d17763c)
org.junit.platform:junit-platform-commons:1.6.2 (3 constraints: e829bf2a)
org.junit.platform:junit-platform-engine:1.6.2 (2 constraints: b81973f3)
org.opentest4j:opentest4j:1.2.0 (2 constraints: cd205b49)
